
Microsoft Visual Studio Solution File, Format Version 12.00
# Visual Studio Version 16
VisualStudioVersion = 16.0.29905.134
MinimumVisualStudioVersion = 10.0.40219.1
Project("{F184B08F-C81C-45F6-A57F-5ABD9991F28F}") = "Kas Klinik", "Kas Klinik.vbproj", "{814AF3AB-F9BA-42C0-9751-E6D4469E1528}"
EndProject
Global
	GlobalSection(SolutionConfigurationPlatforms) = preSolution
		Debug|Any CPU = Debug|Any CPU
		Release|Any CPU = Release|Any CPU
	EndGlobalSection
	GlobalSection(ProjectConfigurationPlatforms) = postSolution
		{814AF3AB-F9BA-42C0-9751-E6D4469E1528}.Debug|Any CPU.ActiveCfg = Debug|Any CPU
		{814AF3AB-F9BA-42C0-9751-E6D4469E1528}.Debug|Any CPU.Build.0 = Debug|Any CPU
		{814AF3AB-F9BA-42C0-9751-E6D4469E1528}.Release|Any CPU.ActiveCfg = Release|Any CPU
		{814AF3AB-F9BA-42C0-9751-E6D4469E1528}.Release|Any CPU.Build.0 = Release|Any CPU
	EndGlobalSection
	GlobalSection(SolutionProperties) = preSolution
		HideSolutionNode = FALSE
	EndGlobalSection
	GlobalSection(ExtensibilityGlobals) = postSolution
		SolutionGuid = {A2E56005-F02A-44C3-8C7B-322E6CE35C84}
	EndGlobalSection
EndGlobal
